// !$*UTF8*$!
{
	archiveVersion = 1;
	classes = {
	};
	objectVersion = 70;
	objects = {

/* Begin PBXBuildFile section */
		181FEA622C69118700B9AAE6 /* LoginViewController.swift in Sources */ = {isa = PBXBuildFile; fileRef = 181FEA612C69118700B9AAE6 /* LoginViewController.swift */; };
		182B5BAB2C60A9E900F7E85D /* AppDelegate.swift in Sources */ = {isa = PBXBuildFile; fileRef = 182B5BAA2C60A9E900F7E85D /* AppDelegate.swift */; };
		182B5BAD2C60A9E900F7E85D /* SceneDelegate.swift in Sources */ = {isa = PBXBuildFile; fileRef = 182B5BAC2C60A9E900F7E85D /* SceneDelegate.swift */; };
		182B5BAF2C60A9E900F7E85D /* ViewController.swift in Sources */ = {isa = PBXBuildFile; fileRef = 182B5BAE2C60A9E900F7E85D /* ViewController.swift */; };
		182B5BB42C60A9EB00F7E85D /* Assets.xcassets in Resources */ = {isa = PBXBuildFile; fileRef = 182B5BB32C60A9EB00F7E85D /* Assets.xcassets */; };
		182B5BB72C60A9EB00F7E85D /* Base in Resources */ = {isa = PBXBuildFile; fileRef = 182B5BB62C60A9EB00F7E85D /* Base */; };
		182B5BC02C60AAC800F7E85D /* SnapKit in Frameworks */ = {isa = PBXBuildFile; productRef = 182B5BBF2C60AAC800F7E85D /* SnapKit */; };
		182B5BC52C60AB3300F7E85D /* Kingfisher in Frameworks */ = {isa = PBXBuildFile; productRef = 182B5BC42C60AB3300F7E85D /* Kingfisher */; };
		182B5BCA2C60BC1D00F7E85D /* Sacramento-Regular.ttf in Resources */ = {isa = PBXBuildFile; fileRef = 182B5BC92C60BC1D00F7E85D /* Sacramento-Regular.ttf */; };
		182B5BDE2C60BCA800F7E85D /* Montserrat-BoldItalic.ttf in Resources */ = {isa = PBXBuildFile; fileRef = 182B5BCC2C60BCA800F7E85D /* Montserrat-BoldItalic.ttf */; };
		182B5BDF2C60BCA800F7E85D /* Montserrat-Thin.ttf in Resources */ = {isa = PBXBuildFile; fileRef = 182B5BCD2C60BCA800F7E85D /* Montserrat-Thin.ttf */; };
		182B5BE02C60BCA800F7E85D /* Montserrat-ExtraLight.ttf in Resources */ = {isa = PBXBuildFile; fileRef = 182B5BCE2C60BCA800F7E85D /* Montserrat-ExtraLight.ttf */; };
		182B5BE12C60BCA800F7E85D /* Montserrat-Italic.ttf in Resources */ = {isa = PBXBuildFile; fileRef = 182B5BCF2C60BCA800F7E85D /* Montserrat-Italic.ttf */; };
		182B5BE22C60BCA800F7E85D /* Montserrat-Black.ttf in Resources */ = {isa = PBXBuildFile; fileRef = 182B5BD02C60BCA800F7E85D /* Montserrat-Black.ttf */; };
		182B5BE32C60BCA800F7E85D /* Montserrat-ThinItalic.ttf in Resources */ = {isa = PBXBuildFile; fileRef = 182B5BD12C60BCA800F7E85D /* Montserrat-ThinItalic.ttf */; };
		182B5BE42C60BCA800F7E85D /* Montserrat-SemiBold.ttf in Resources */ = {isa = PBXBuildFile; fileRef = 182B5BD22C60BCA800F7E85D /* Montserrat-SemiBold.ttf */; };
		182B5BE52C60BCA800F7E85D /* Montserrat-Regular.ttf in Resources */ = {isa = PBXBuildFile; fileRef = 182B5BD32C60BCA800F7E85D /* Montserrat-Regular.ttf */; };
		182B5BE62C60BCA800F7E85D /* Montserrat-ExtraBold.ttf in Resources */ = {isa = PBXBuildFile; fileRef = 182B5BD42C60BCA800F7E85D /* Montserrat-ExtraBold.ttf */; };
		182B5BE72C60BCA800F7E85D /* Montserrat-Medium.ttf in Resources */ = {isa = PBXBuildFile; fileRef = 182B5BD52C60BCA800F7E85D /* Montserrat-Medium.ttf */; };
		182B5BE82C60BCA800F7E85D /* Montserrat-MediumItalic.ttf in Resources */ = {isa = PBXBuildFile; fileRef = 182B5BD62C60BCA800F7E85D /* Montserrat-MediumItalic.ttf */; };
		182B5BE92C60BCA800F7E85D /* Montserrat-ExtraBoldItalic.ttf in Resources */ = {isa = PBXBuildFile; fileRef = 182B5BD72C60BCA800F7E85D /* Montserrat-ExtraBoldItalic.ttf */; };
		182B5BEA2C60BCA800F7E85D /* Montserrat-BlackItalic.ttf in Resources */ = {isa = PBXBuildFile; fileRef = 182B5BD82C60BCA800F7E85D /* Montserrat-BlackItalic.ttf */; };
		182B5BEB2C60BCA800F7E85D /* Montserrat-ExtraLightItalic.ttf in Resources */ = {isa = PBXBuildFile; fileRef = 182B5BD92C60BCA800F7E85D /* Montserrat-ExtraLightItalic.ttf */; };
		182B5BEC2C60BCA800F7E85D /* Montserrat-Bold.ttf in Resources */ = {isa = PBXBuildFile; fileRef = 182B5BDA2C60BCA800F7E85D /* Montserrat-Bold.ttf */; };
		182B5BED2C60BCA800F7E85D /* Montserrat-Light.ttf in Resources */ = {isa = PBXBuildFile; fileRef = 182B5BDB2C60BCA800F7E85D /* Montserrat-Light.ttf */; };
		182B5BEE2C60BCA800F7E85D /* Montserrat-LightItalic.ttf in Resources */ = {isa = PBXBuildFile; fileRef = 182B5BDC2C60BCA800F7E85D /* Montserrat-LightItalic.ttf */; };
		182B5BEF2C60BCA800F7E85D /* Montserrat-SemiBoldItalic.ttf in Resources */ = {isa = PBXBuildFile; fileRef = 182B5BDD2C60BCA800F7E85D /* Montserrat-SemiBoldItalic.ttf */; };
		182B5BFE2C60DC8900F7E85D /* Localizable.strings in Resources */ = {isa = PBXBuildFile; fileRef = 182B5BFC2C60DC8900F7E85D /* Localizable.strings */; };
		182EB5572C9CC5EA00C4A40C /* MainProblemCardTableViewCell.swift in Sources */ = {isa = PBXBuildFile; fileRef = 182EB5562C9CC5EA00C4A40C /* MainProblemCardTableViewCell.swift */; };
		182EB55A2C9CCAD300C4A40C /* AccordionTableViewCell.swift in Sources */ = {isa = PBXBuildFile; fileRef = 182EB5592C9CCAD300C4A40C /* AccordionTableViewCell.swift */; };
		183CF81D2CA3EF9300D341A7 /* Encodable+Ext.swift in Sources */ = {isa = PBXBuildFile; fileRef = 183CF81C2CA3EF8A00D341A7 /* Encodable+Ext.swift */; };
		1848393D2C9D8B97000558B2 /* AccordionCellModel.swift in Sources */ = {isa = PBXBuildFile; fileRef = 1848393C2C9D8B97000558B2 /* AccordionCellModel.swift */; };
		185980882C9441C700455BEB /* SkinProblemsTableViewCell.swift in Sources */ = {isa = PBXBuildFile; fileRef = 185980872C9441C700455BEB /* SkinProblemsTableViewCell.swift */; };
		1859808B2C944FF700455BEB /* SkinProblemCollectionViewCell.swift in Sources */ = {isa = PBXBuildFile; fileRef = 1859808A2C944FF700455BEB /* SkinProblemCollectionViewCell.swift */; };
		1859808D2C94577000455BEB /* SkinProblemItemModel.swift in Sources */ = {isa = PBXBuildFile; fileRef = 1859808C2C94577000455BEB /* SkinProblemItemModel.swift */; };
		1865506E2C9C2CDC003C002A /* SkinProblemDetailsViewController.swift in Sources */ = {isa = PBXBuildFile; fileRef = 1865506D2C9C2CDC003C002A /* SkinProblemDetailsViewController.swift */; };
		1883F8382C6B3A79005ED089 /* CustomTabbarController.swift in Sources */ = {isa = PBXBuildFile; fileRef = 1883F8372C6B3A79005ED089 /* CustomTabbarController.swift */; };
		1883F8462C6B3B44005ED089 /* ProductsViewController.swift in Sources */ = {isa = PBXBuildFile; fileRef = 1883F8452C6B3B44005ED089 /* ProductsViewController.swift */; };
		1883F84A2C6B3B62005ED089 /* ConsultationViewController.swift in Sources */ = {isa = PBXBuildFile; fileRef = 1883F8492C6B3B62005ED089 /* ConsultationViewController.swift */; };
		1884E9A92C6C89BC00E40A3D /* HeaderTableViewCell.swift in Sources */ = {isa = PBXBuildFile; fileRef = 1884E9A82C6C89BC00E40A3D /* HeaderTableViewCell.swift */; };
		1884E9AC2C6C93AB00E40A3D /* DetectProblemTableViewCell.swift in Sources */ = {isa = PBXBuildFile; fileRef = 1884E9AB2C6C93AB00E40A3D /* DetectProblemTableViewCell.swift */; };
		1886EB5A2C77515D00EBAD95 /* ConsultationFilterViewController.swift in Sources */ = {isa = PBXBuildFile; fileRef = 1886EB592C77515D00EBAD95 /* ConsultationFilterViewController.swift */; };
		1886EB5D2C77683A00EBAD95 /* ConsultationFilterCollectionViewCell.swift in Sources */ = {isa = PBXBuildFile; fileRef = 1886EB5C2C77683A00EBAD95 /* ConsultationFilterCollectionViewCell.swift */; };
		1886EB5F2C776E6200EBAD95 /* ConsultationFilterItemModel.swift in Sources */ = {isa = PBXBuildFile; fileRef = 1886EB5E2C776E6200EBAD95 /* ConsultationFilterItemModel.swift */; };
		1886EBA92C777B1A00EBAD95 /* DMSans-Italic.ttf in Resources */ = {isa = PBXBuildFile; fileRef = 1886EB612C777B1700EBAD95 /* DMSans-Italic.ttf */; };
		1886EBAA2C777B1A00EBAD95 /* DMSans-Medium.ttf in Resources */ = {isa = PBXBuildFile; fileRef = 1886EB622C777B1700EBAD95 /* DMSans-Medium.ttf */; };
		1886EBB22C777B1A00EBAD95 /* DMSans-ExtraLight.ttf in Resources */ = {isa = PBXBuildFile; fileRef = 1886EB6A2C777B1800EBAD95 /* DMSans-ExtraLight.ttf */; };
		1886EBB32C777B1A00EBAD95 /* DMSans-Bold.ttf in Resources */ = {isa = PBXBuildFile; fileRef = 1886EB6B2C777B1800EBAD95 /* DMSans-Bold.ttf */; };
		1886EBB42C777B1A00EBAD95 /* DMSans-Regular.ttf in Resources */ = {isa = PBXBuildFile; fileRef = 1886EB6C2C777B1800EBAD95 /* DMSans-Regular.ttf */; };
		1886EBB52C777B1A00EBAD95 /* DMSans-BoldItalic.ttf in Resources */ = {isa = PBXBuildFile; fileRef = 1886EB6D2C777B1800EBAD95 /* DMSans-BoldItalic.ttf */; };
		1886EBC22C777B1A00EBAD95 /* DMSans-MediumItalic.ttf in Resources */ = {isa = PBXBuildFile; fileRef = 1886EB7A2C777B1800EBAD95 /* DMSans-MediumItalic.ttf */; };
		1886EBC52C777B1A00EBAD95 /* DMSans-SemiBold.ttf in Resources */ = {isa = PBXBuildFile; fileRef = 1886EB7D2C777B1800EBAD95 /* DMSans-SemiBold.ttf */; };
		1886EBD02C777B1A00EBAD95 /* DMSans-ExtraLightItalic.ttf in Resources */ = {isa = PBXBuildFile; fileRef = 1886EB882C777B1900EBAD95 /* DMSans-ExtraLightItalic.ttf */; };
		1886EBD22C777B1A00EBAD95 /* DMSans-ExtraBoldItalic.ttf in Resources */ = {isa = PBXBuildFile; fileRef = 1886EB8A2C777B1900EBAD95 /* DMSans-ExtraBoldItalic.ttf */; };
		1886EBD32C777B1A00EBAD95 /* DMSans-SemiBoldItalic.ttf in Resources */ = {isa = PBXBuildFile; fileRef = 1886EB8B2C777B1900EBAD95 /* DMSans-SemiBoldItalic.ttf */; };
		1886EBD52C777B1A00EBAD95 /* DMSans-Black.ttf in Resources */ = {isa = PBXBuildFile; fileRef = 1886EB8D2C777B1900EBAD95 /* DMSans-Black.ttf */; };
		1886EBD72C777B1A00EBAD95 /* DMSans-Thin.ttf in Resources */ = {isa = PBXBuildFile; fileRef = 1886EB8F2C777B1900EBAD95 /* DMSans-Thin.ttf */; };
		1886EBE42C777B1A00EBAD95 /* DMSans-BlackItalic.ttf in Resources */ = {isa = PBXBuildFile; fileRef = 1886EB9C2C777B1A00EBAD95 /* DMSans-BlackItalic.ttf */; };
		1886EBE52C777B1A00EBAD95 /* DMSans-Light.ttf in Resources */ = {isa = PBXBuildFile; fileRef = 1886EB9D2C777B1A00EBAD95 /* DMSans-Light.ttf */; };
		1886EBE82C777B1A00EBAD95 /* DMSans-LightItalic.ttf in Resources */ = {isa = PBXBuildFile; fileRef = 1886EBA02C777B1A00EBAD95 /* DMSans-LightItalic.ttf */; };
		1886EBEA2C777B1A00EBAD95 /* DMSans-ExtraBold.ttf in Resources */ = {isa = PBXBuildFile; fileRef = 1886EBA22C777B1A00EBAD95 /* DMSans-ExtraBold.ttf */; };
		1886EBED2C777B1A00EBAD95 /* DMSans-ThinItalic.ttf in Resources */ = {isa = PBXBuildFile; fileRef = 1886EBA52C777B1A00EBAD95 /* DMSans-ThinItalic.ttf */; };
		188931D42C7C6B3400088C9E /* FilterItemCollectionViewCell.swift in Sources */ = {isa = PBXBuildFile; fileRef = 188931D32C7C6B3400088C9E /* FilterItemCollectionViewCell.swift */; };
		18916AD22CA98800005C50D7 /* OTPViewController.swift in Sources */ = {isa = PBXBuildFile; fileRef = 18916AD12CA98800005C50D7 /* OTPViewController.swift */; };
		18916AD52CA99BA9005C50D7 /* OTPService.swift in Sources */ = {isa = PBXBuildFile; fileRef = 18916AD42CA99BA9005C50D7 /* OTPService.swift */; };
		18916AD72CA99BC5005C50D7 /* OTPViewModel.swift in Sources */ = {isa = PBXBuildFile; fileRef = 18916AD62CA99BBD005C50D7 /* OTPViewModel.swift */; };
		18916AD92CA9A061005C50D7 /* OTPModel.swift in Sources */ = {isa = PBXBuildFile; fileRef = 18916AD82CA9A049005C50D7 /* OTPModel.swift */; };
		18936EC72C62B637006A8683 /* IconTitleBgColorButton.swift in Sources */ = {isa = PBXBuildFile; fileRef = 18936EC62C62B637006A8683 /* IconTitleBgColorButton.swift */; };
		18A1EBA92C766B81008AAD5F /* DermatologistModel.swift in Sources */ = {isa = PBXBuildFile; fileRef = 18A1EBA82C766B81008AAD5F /* DermatologistModel.swift */; };
		18AD817C2C8F0A6A002A7272 /* ProfileViewController.swift in Sources */ = {isa = PBXBuildFile; fileRef = 18AD817B2C8F0A6A002A7272 /* ProfileViewController.swift */; };
		18AD817E2C8F2EFB002A7272 /* UILabel+Ext.swift in Sources */ = {isa = PBXBuildFile; fileRef = 18AD817D2C8F2EFB002A7272 /* UILabel+Ext.swift */; };
		18BC5C4F2CA1EFA200401955 /* RegisterModel.swift in Sources */ = {isa = PBXBuildFile; fileRef = 18BC5C4E2CA1EFA200401955 /* RegisterModel.swift */; };
		18BD651A2C63AA250071C597 /* CustomTextField.swift in Sources */ = {isa = PBXBuildFile; fileRef = 18BD65192C63AA250071C597 /* CustomTextField.swift */; };
		18C53DBA2C6A9346004FA52B /* HomeViewController.swift in Sources */ = {isa = PBXBuildFile; fileRef = 18C53DB92C6A9346004FA52B /* HomeViewController.swift */; };
		18DBDF772CA3394B00A8705A /* Alamofire in Frameworks */ = {isa = PBXBuildFile; productRef = 18DBDF762CA3394B00A8705A /* Alamofire */; };
		18DBDF7A2CA33E4C00A8705A /* NetworkManager.swift in Sources */ = {isa = PBXBuildFile; fileRef = 18DBDF792CA33E4100A8705A /* NetworkManager.swift */; };
		18DBDF7F2CA3465800A8705A /* RegisterService.swift in Sources */ = {isa = PBXBuildFile; fileRef = 18DBDF7E2CA3465200A8705A /* RegisterService.swift */; };
		18DE779D2C6DEBFF000B321C /* SearchTableViewCell.swift in Sources */ = {isa = PBXBuildFile; fileRef = 18DE779C2C6DEBFE000B321C /* SearchTableViewCell.swift */; };
		18DE77A02C6DF98E000B321C /* UIView+Ext.swift in Sources */ = {isa = PBXBuildFile; fileRef = 18DE779F2C6DF98E000B321C /* UIView+Ext.swift */; };
		18DE77A22C6E0A0F000B321C /* UIResponder+Ext.swift in Sources */ = {isa = PBXBuildFile; fileRef = 18DE77A12C6E0A0F000B321C /* UIResponder+Ext.swift */; };
		18ED7A032C67DEC8000F03C3 /* Cell+Ext.swift in Sources */ = {isa = PBXBuildFile; fileRef = 18ED7A022C67DEC8000F03C3 /* Cell+Ext.swift */; };
		18ED7A062C67DEE9000F03C3 /* DropdownButtonView.swift in Sources */ = {isa = PBXBuildFile; fileRef = 18ED7A052C67DEE9000F03C3 /* DropdownButtonView.swift */; };
		18ED7A0E2C67DFA6000F03C3 /* RegisterViewModel.swift in Sources */ = {isa = PBXBuildFile; fileRef = 18ED7A0D2C67DFA6000F03C3 /* RegisterViewModel.swift */; };
		18ED7A102C67DFBB000F03C3 /* RegisterViewController.swift in Sources */ = {isa = PBXBuildFile; fileRef = 18ED7A0F2C67DFBB000F03C3 /* RegisterViewController.swift */; };
		F0273E392C9603810069EDE7 /* ProfileTableViewCell.swift in Sources */ = {isa = PBXBuildFile; fileRef = F0273E382C9603810069EDE7 /* ProfileTableViewCell.swift */; };
		F05804312C7518FA003AE03E /* ConsultationCollectionViewCell.swift in Sources */ = {isa = PBXBuildFile; fileRef = F05804302C7518FA003AE03E /* ConsultationCollectionViewCell.swift */; };
		F0D38DD82C69FDA3007E35ED /* DetectProblemViewController.swift in Sources */ = {isa = PBXBuildFile; fileRef = F0D38DD72C69FDA3007E35ED /* DetectProblemViewController.swift */; };
		F0DACAC52CA0741F00A219EF /* MessageKit in Frameworks */ = {isa = PBXBuildFile; productRef = F0DACAC42CA0741F00A219EF /* MessageKit */; };
		F0DD68EE2C68CAF200C11ECF /* OnboardingLoginViewController.swift in Sources */ = {isa = PBXBuildFile; fileRef = F0DD68ED2C68CAF200C11ECF /* OnboardingLoginViewController.swift */; };
		F0DD68F42C68CF0700C11ECF /* OnboardingRegisterViewController.swift in Sources */ = {isa = PBXBuildFile; fileRef = F0DD68F32C68CF0700C11ECF /* OnboardingRegisterViewController.swift */; };
		F0E07E292C6A453D00BD410A /* CompleteTestViewController.swift in Sources */ = {isa = PBXBuildFile; fileRef = F0E07E282C6A453D00BD410A /* CompleteTestViewController.swift */; };
		F0EAC6DD2C674A10006DE3E1 /* TitleBgColorButton.swift in Sources */ = {isa = PBXBuildFile; fileRef = F0EAC6DC2C674A10006DE3E1 /* TitleBgColorButton.swift */; };
		F0EAC6DF2C674A2A006DE3E1 /* OnboardingImageView.swift in Sources */ = {isa = PBXBuildFile; fileRef = F0EAC6DE2C674A2A006DE3E1 /* OnboardingImageView.swift */; };
/* End PBXBuildFile section */

/* Begin PBXFileReference section */
		181FEA612C69118700B9AAE6 /* LoginViewController.swift */ = {isa = PBXFileReference; lastKnownFileType = sourcecode.swift; path = LoginViewController.swift; sourceTree = "<group>"; };
		182B5BA72C60A9E900F7E85D /* Skincare-app.app */ = {isa = PBXFileReference; explicitFileType = wrapper.application; includeInIndex = 0; path = "Skincare-app.app"; sourceTree = BUILT_PRODUCTS_DIR; };
		182B5BAA2C60A9E900F7E85D /* AppDelegate.swift */ = {isa = PBXFileReference; lastKnownFileType = sourcecode.swift; path = AppDelegate.swift; sourceTree = "<group>"; };
		182B5BAC2C60A9E900F7E85D /* SceneDelegate.swift */ = {isa = PBXFileReference; lastKnownFileType = sourcecode.swift; path = SceneDelegate.swift; sourceTree = "<group>"; };
		182B5BAE2C60A9E900F7E85D /* ViewController.swift */ = {isa = PBXFileReference; lastKnownFileType = sourcecode.swift; path = ViewController.swift; sourceTree = "<group>"; };
		182B5BB32C60A9EB00F7E85D /* Assets.xcassets */ = {isa = PBXFileReference; lastKnownFileType = folder.assetcatalog; path = Assets.xcassets; sourceTree = "<group>"; };
		182B5BB62C60A9EB00F7E85D /* Base */ = {isa = PBXFileReference; lastKnownFileType = file.storyboard; name = Base; path = Base.lproj/LaunchScreen.storyboard; sourceTree = "<group>"; };
		182B5BB82C60A9EB00F7E85D /* Info.plist */ = {isa = PBXFileReference; lastKnownFileType = text.plist.xml; path = Info.plist; sourceTree = "<group>"; };
		182B5BC92C60BC1D00F7E85D /* Sacramento-Regular.ttf */ = {isa = PBXFileReference; lastKnownFileType = file; path = "Sacramento-Regular.ttf"; sourceTree = "<group>"; };
		182B5BCC2C60BCA800F7E85D /* Montserrat-BoldItalic.ttf */ = {isa = PBXFileReference; lastKnownFileType = file; path = "Montserrat-BoldItalic.ttf"; sourceTree = "<group>"; };
		182B5BCD2C60BCA800F7E85D /* Montserrat-Thin.ttf */ = {isa = PBXFileReference; lastKnownFileType = file; path = "Montserrat-Thin.ttf"; sourceTree = "<group>"; };
		182B5BCE2C60BCA800F7E85D /* Montserrat-ExtraLight.ttf */ = {isa = PBXFileReference; lastKnownFileType = file; path = "Montserrat-ExtraLight.ttf"; sourceTree = "<group>"; };
		182B5BCF2C60BCA800F7E85D /* Montserrat-Italic.ttf */ = {isa = PBXFileReference; lastKnownFileType = file; path = "Montserrat-Italic.ttf"; sourceTree = "<group>"; };
		182B5BD02C60BCA800F7E85D /* Montserrat-Black.ttf */ = {isa = PBXFileReference; lastKnownFileType = file; path = "Montserrat-Black.ttf"; sourceTree = "<group>"; };
		182B5BD12C60BCA800F7E85D /* Montserrat-ThinItalic.ttf */ = {isa = PBXFileReference; lastKnownFileType = file; path = "Montserrat-ThinItalic.ttf"; sourceTree = "<group>"; };
		182B5BD22C60BCA800F7E85D /* Montserrat-SemiBold.ttf */ = {isa = PBXFileReference; lastKnownFileType = file; path = "Montserrat-SemiBold.ttf"; sourceTree = "<group>"; };
		182B5BD32C60BCA800F7E85D /* Montserrat-Regular.ttf */ = {isa = PBXFileReference; lastKnownFileType = file; path = "Montserrat-Regular.ttf"; sourceTree = "<group>"; };
		182B5BD42C60BCA800F7E85D /* Montserrat-ExtraBold.ttf */ = {isa = PBXFileReference; lastKnownFileType = file; path = "Montserrat-ExtraBold.ttf"; sourceTree = "<group>"; };
		182B5BD52C60BCA800F7E85D /* Montserrat-Medium.ttf */ = {isa = PBXFileReference; lastKnownFileType = file; path = "Montserrat-Medium.ttf"; sourceTree = "<group>"; };
		182B5BD62C60BCA800F7E85D /* Montserrat-MediumItalic.ttf */ = {isa = PBXFileReference; lastKnownFileType = file; path = "Montserrat-MediumItalic.ttf"; sourceTree = "<group>"; };
		182B5BD72C60BCA800F7E85D /* Montserrat-ExtraBoldItalic.ttf */ = {isa = PBXFileReference; lastKnownFileType = file; path = "Montserrat-ExtraBoldItalic.ttf"; sourceTree = "<group>"; };
		182B5BD82C60BCA800F7E85D /* Montserrat-BlackItalic.ttf */ = {isa = PBXFileReference; lastKnownFileType = file; path = "Montserrat-BlackItalic.ttf"; sourceTree = "<group>"; };
		182B5BD92C60BCA800F7E85D /* Montserrat-ExtraLightItalic.ttf */ = {isa = PBXFileReference; lastKnownFileType = file; path = "Montserrat-ExtraLightItalic.ttf"; sourceTree = "<group>"; };
		182B5BDA2C60BCA800F7E85D /* Montserrat-Bold.ttf */ = {isa = PBXFileReference; lastKnownFileType = file; path = "Montserrat-Bold.ttf"; sourceTree = "<group>"; };
		182B5BDB2C60BCA800F7E85D /* Montserrat-Light.ttf */ = {isa = PBXFileReference; lastKnownFileType = file; path = "Montserrat-Light.ttf"; sourceTree = "<group>"; };
		182B5BDC2C60BCA800F7E85D /* Montserrat-LightItalic.ttf */ = {isa = PBXFileReference; lastKnownFileType = file; path = "Montserrat-LightItalic.ttf"; sourceTree = "<group>"; };
		182B5BDD2C60BCA800F7E85D /* Montserrat-SemiBoldItalic.ttf */ = {isa = PBXFileReference; lastKnownFileType = file; path = "Montserrat-SemiBoldItalic.ttf"; sourceTree = "<group>"; };
		182B5BFD2C60DC8900F7E85D /* en */ = {isa = PBXFileReference; lastKnownFileType = text.plist.strings; name = en; path = en.lproj/Localizable.strings; sourceTree = "<group>"; };
		182B5BFF2C60DC8C00F7E85D /* az */ = {isa = PBXFileReference; lastKnownFileType = text.plist.strings; name = az; path = az.lproj/Localizable.strings; sourceTree = "<group>"; };
		182EB5562C9CC5EA00C4A40C /* MainProblemCardTableViewCell.swift */ = {isa = PBXFileReference; lastKnownFileType = sourcecode.swift; path = MainProblemCardTableViewCell.swift; sourceTree = "<group>"; };
		182EB5592C9CCAD300C4A40C /* AccordionTableViewCell.swift */ = {isa = PBXFileReference; lastKnownFileType = sourcecode.swift; path = AccordionTableViewCell.swift; sourceTree = "<group>"; };
		183CF81C2CA3EF8A00D341A7 /* Encodable+Ext.swift */ = {isa = PBXFileReference; lastKnownFileType = sourcecode.swift; path = "Encodable+Ext.swift"; sourceTree = "<group>"; };
		1848393C2C9D8B97000558B2 /* AccordionCellModel.swift */ = {isa = PBXFileReference; lastKnownFileType = sourcecode.swift; path = AccordionCellModel.swift; sourceTree = "<group>"; };
		185980872C9441C700455BEB /* SkinProblemsTableViewCell.swift */ = {isa = PBXFileReference; lastKnownFileType = sourcecode.swift; path = SkinProblemsTableViewCell.swift; sourceTree = "<group>"; };
		1859808A2C944FF700455BEB /* SkinProblemCollectionViewCell.swift */ = {isa = PBXFileReference; lastKnownFileType = sourcecode.swift; path = SkinProblemCollectionViewCell.swift; sourceTree = "<group>"; };
		1859808C2C94577000455BEB /* SkinProblemItemModel.swift */ = {isa = PBXFileReference; lastKnownFileType = sourcecode.swift; path = SkinProblemItemModel.swift; sourceTree = "<group>"; };
		1865506D2C9C2CDC003C002A /* SkinProblemDetailsViewController.swift */ = {isa = PBXFileReference; lastKnownFileType = sourcecode.swift; path = SkinProblemDetailsViewController.swift; sourceTree = "<group>"; };
		1883F8372C6B3A79005ED089 /* CustomTabbarController.swift */ = {isa = PBXFileReference; lastKnownFileType = sourcecode.swift; path = CustomTabbarController.swift; sourceTree = "<group>"; };
		1883F8452C6B3B44005ED089 /* ProductsViewController.swift */ = {isa = PBXFileReference; lastKnownFileType = sourcecode.swift; path = ProductsViewController.swift; sourceTree = "<group>"; };
		1883F8492C6B3B62005ED089 /* ConsultationViewController.swift */ = {isa = PBXFileReference; lastKnownFileType = sourcecode.swift; path = ConsultationViewController.swift; sourceTree = "<group>"; };
		1884E9A82C6C89BC00E40A3D /* HeaderTableViewCell.swift */ = {isa = PBXFileReference; lastKnownFileType = sourcecode.swift; path = HeaderTableViewCell.swift; sourceTree = "<group>"; };
		1884E9AB2C6C93AB00E40A3D /* DetectProblemTableViewCell.swift */ = {isa = PBXFileReference; lastKnownFileType = sourcecode.swift; path = DetectProblemTableViewCell.swift; sourceTree = "<group>"; };
		1886EB592C77515D00EBAD95 /* ConsultationFilterViewController.swift */ = {isa = PBXFileReference; lastKnownFileType = sourcecode.swift; path = ConsultationFilterViewController.swift; sourceTree = "<group>"; };
		1886EB5C2C77683A00EBAD95 /* ConsultationFilterCollectionViewCell.swift */ = {isa = PBXFileReference; lastKnownFileType = sourcecode.swift; path = ConsultationFilterCollectionViewCell.swift; sourceTree = "<group>"; };
		1886EB5E2C776E6200EBAD95 /* ConsultationFilterItemModel.swift */ = {isa = PBXFileReference; lastKnownFileType = sourcecode.swift; name = ConsultationFilterItemModel.swift; path = "Skincare-app/Screens/Consultation/View/ConsultationFilter/ConsultationFilterItemModel.swift"; sourceTree = SOURCE_ROOT; };
		1886EB612C777B1700EBAD95 /* DMSans-Italic.ttf */ = {isa = PBXFileReference; lastKnownFileType = file; path = "DMSans-Italic.ttf"; sourceTree = "<group>"; };
		1886EB622C777B1700EBAD95 /* DMSans-Medium.ttf */ = {isa = PBXFileReference; lastKnownFileType = file; path = "DMSans-Medium.ttf"; sourceTree = "<group>"; };
		1886EB6A2C777B1800EBAD95 /* DMSans-ExtraLight.ttf */ = {isa = PBXFileReference; lastKnownFileType = file; path = "DMSans-ExtraLight.ttf"; sourceTree = "<group>"; };
		1886EB6B2C777B1800EBAD95 /* DMSans-Bold.ttf */ = {isa = PBXFileReference; lastKnownFileType = file; path = "DMSans-Bold.ttf"; sourceTree = "<group>"; };
		1886EB6C2C777B1800EBAD95 /* DMSans-Regular.ttf */ = {isa = PBXFileReference; lastKnownFileType = file; path = "DMSans-Regular.ttf"; sourceTree = "<group>"; };
		1886EB6D2C777B1800EBAD95 /* DMSans-BoldItalic.ttf */ = {isa = PBXFileReference; lastKnownFileType = file; path = "DMSans-BoldItalic.ttf"; sourceTree = "<group>"; };
		1886EB7A2C777B1800EBAD95 /* DMSans-MediumItalic.ttf */ = {isa = PBXFileReference; lastKnownFileType = file; path = "DMSans-MediumItalic.ttf"; sourceTree = "<group>"; };
		1886EB7D2C777B1800EBAD95 /* DMSans-SemiBold.ttf */ = {isa = PBXFileReference; lastKnownFileType = file; path = "DMSans-SemiBold.ttf"; sourceTree = "<group>"; };
		1886EB882C777B1900EBAD95 /* DMSans-ExtraLightItalic.ttf */ = {isa = PBXFileReference; lastKnownFileType = file; path = "DMSans-ExtraLightItalic.ttf"; sourceTree = "<group>"; };
		1886EB8A2C777B1900EBAD95 /* DMSans-ExtraBoldItalic.ttf */ = {isa = PBXFileReference; lastKnownFileType = file; path = "DMSans-ExtraBoldItalic.ttf"; sourceTree = "<group>"; };
		1886EB8B2C777B1900EBAD95 /* DMSans-SemiBoldItalic.ttf */ = {isa = PBXFileReference; lastKnownFileType = file; path = "DMSans-SemiBoldItalic.ttf"; sourceTree = "<group>"; };
		1886EB8D2C777B1900EBAD95 /* DMSans-Black.ttf */ = {isa = PBXFileReference; lastKnownFileType = file; path = "DMSans-Black.ttf"; sourceTree = "<group>"; };
		1886EB8F2C777B1900EBAD95 /* DMSans-Thin.ttf */ = {isa = PBXFileReference; lastKnownFileType = file; path = "DMSans-Thin.ttf"; sourceTree = "<group>"; };
		1886EB9C2C777B1A00EBAD95 /* DMSans-BlackItalic.ttf */ = {isa = PBXFileReference; lastKnownFileType = file; path = "DMSans-BlackItalic.ttf"; sourceTree = "<group>"; };
		1886EB9D2C777B1A00EBAD95 /* DMSans-Light.ttf */ = {isa = PBXFileReference; lastKnownFileType = file; path = "DMSans-Light.ttf"; sourceTree = "<group>"; };
		1886EBA02C777B1A00EBAD95 /* DMSans-LightItalic.ttf */ = {isa = PBXFileReference; lastKnownFileType = file; path = "DMSans-LightItalic.ttf"; sourceTree = "<group>"; };
		1886EBA22C777B1A00EBAD95 /* DMSans-ExtraBold.ttf */ = {isa = PBXFileReference; lastKnownFileType = file; path = "DMSans-ExtraBold.ttf"; sourceTree = "<group>"; };
		1886EBA52C777B1A00EBAD95 /* DMSans-ThinItalic.ttf */ = {isa = PBXFileReference; lastKnownFileType = file; path = "DMSans-ThinItalic.ttf"; sourceTree = "<group>"; };
		188931D32C7C6B3400088C9E /* FilterItemCollectionViewCell.swift */ = {isa = PBXFileReference; lastKnownFileType = sourcecode.swift; path = FilterItemCollectionViewCell.swift; sourceTree = "<group>"; };
		18916AD12CA98800005C50D7 /* OTPViewController.swift */ = {isa = PBXFileReference; lastKnownFileType = sourcecode.swift; path = OTPViewController.swift; sourceTree = "<group>"; };
		18916AD42CA99BA9005C50D7 /* OTPService.swift */ = {isa = PBXFileReference; lastKnownFileType = sourcecode.swift; path = OTPService.swift; sourceTree = "<group>"; };
		18916AD62CA99BBD005C50D7 /* OTPViewModel.swift */ = {isa = PBXFileReference; lastKnownFileType = sourcecode.swift; path = OTPViewModel.swift; sourceTree = "<group>"; };
		18916AD82CA9A049005C50D7 /* OTPModel.swift */ = {isa = PBXFileReference; lastKnownFileType = sourcecode.swift; path = OTPModel.swift; sourceTree = "<group>"; };
		18936EC62C62B637006A8683 /* IconTitleBgColorButton.swift */ = {isa = PBXFileReference; lastKnownFileType = sourcecode.swift; path = IconTitleBgColorButton.swift; sourceTree = "<group>"; };
		18A1EBA82C766B81008AAD5F /* DermatologistModel.swift */ = {isa = PBXFileReference; lastKnownFileType = sourcecode.swift; name = DermatologistModel.swift; path = "Skincare-app/Screens/Home/View/Cells/PopularProblems/PopularCollectionCell/DermatologistModel.swift"; sourceTree = SOURCE_ROOT; };
		18AD817B2C8F0A6A002A7272 /* ProfileViewController.swift */ = {isa = PBXFileReference; lastKnownFileType = sourcecode.swift; path = ProfileViewController.swift; sourceTree = "<group>"; };
		18AD817D2C8F2EFB002A7272 /* UILabel+Ext.swift */ = {isa = PBXFileReference; lastKnownFileType = sourcecode.swift; path = "UILabel+Ext.swift"; sourceTree = "<group>"; };
		18BC5C4E2CA1EFA200401955 /* RegisterModel.swift */ = {isa = PBXFileReference; lastKnownFileType = sourcecode.swift; name = RegisterModel.swift; path = "Skincare-app/Screens/Register/View/RegisterModel.swift"; sourceTree = SOURCE_ROOT; };
		18BD65192C63AA250071C597 /* CustomTextField.swift */ = {isa = PBXFileReference; lastKnownFileType = sourcecode.swift; path = CustomTextField.swift; sourceTree = "<group>"; };
		18C53DB92C6A9346004FA52B /* HomeViewController.swift */ = {isa = PBXFileReference; lastKnownFileType = sourcecode.swift; name = HomeViewController.swift; path = "Skincare-app/Screens/Login/View/HomeViewController.swift"; sourceTree = SOURCE_ROOT; };
		18DBDF792CA33E4100A8705A /* NetworkManager.swift */ = {isa = PBXFileReference; lastKnownFileType = sourcecode.swift; path = NetworkManager.swift; sourceTree = "<group>"; };
		18DBDF7E2CA3465200A8705A /* RegisterService.swift */ = {isa = PBXFileReference; lastKnownFileType = sourcecode.swift; path = RegisterService.swift; sourceTree = "<group>"; };
		18DE779C2C6DEBFE000B321C /* SearchTableViewCell.swift */ = {isa = PBXFileReference; lastKnownFileType = sourcecode.swift; path = SearchTableViewCell.swift; sourceTree = "<group>"; };
		18DE779F2C6DF98E000B321C /* UIView+Ext.swift */ = {isa = PBXFileReference; lastKnownFileType = sourcecode.swift; path = "UIView+Ext.swift"; sourceTree = "<group>"; };
		18DE77A12C6E0A0F000B321C /* UIResponder+Ext.swift */ = {isa = PBXFileReference; lastKnownFileType = sourcecode.swift; path = "UIResponder+Ext.swift"; sourceTree = "<group>"; };
		18ED7A022C67DEC8000F03C3 /* Cell+Ext.swift */ = {isa = PBXFileReference; lastKnownFileType = sourcecode.swift; path = "Cell+Ext.swift"; sourceTree = "<group>"; };
		18ED7A052C67DEE9000F03C3 /* DropdownButtonView.swift */ = {isa = PBXFileReference; lastKnownFileType = sourcecode.swift; path = DropdownButtonView.swift; sourceTree = "<group>"; };
		18ED7A0D2C67DFA6000F03C3 /* RegisterViewModel.swift */ = {isa = PBXFileReference; lastKnownFileType = sourcecode.swift; path = RegisterViewModel.swift; sourceTree = "<group>"; };
		18ED7A0F2C67DFBB000F03C3 /* RegisterViewController.swift */ = {isa = PBXFileReference; lastKnownFileType = sourcecode.swift; path = RegisterViewController.swift; sourceTree = "<group>"; };
		F0273E382C9603810069EDE7 /* ProfileTableViewCell.swift */ = {isa = PBXFileReference; lastKnownFileType = sourcecode.swift; path = ProfileTableViewCell.swift; sourceTree = "<group>"; };
		F05804302C7518FA003AE03E /* ConsultationCollectionViewCell.swift */ = {isa = PBXFileReference; lastKnownFileType = sourcecode.swift; path = ConsultationCollectionViewCell.swift; sourceTree = "<group>"; };
		F0D38DD72C69FDA3007E35ED /* DetectProblemViewController.swift */ = {isa = PBXFileReference; lastKnownFileType = sourcecode.swift; path = DetectProblemViewController.swift; sourceTree = "<group>"; };
		F0DD68ED2C68CAF200C11ECF /* OnboardingLoginViewController.swift */ = {isa = PBXFileReference; lastKnownFileType = sourcecode.swift; path = OnboardingLoginViewController.swift; sourceTree = "<group>"; };
		F0DD68F32C68CF0700C11ECF /* OnboardingRegisterViewController.swift */ = {isa = PBXFileReference; lastKnownFileType = sourcecode.swift; path = OnboardingRegisterViewController.swift; sourceTree = "<group>"; };
		F0E07E282C6A453D00BD410A /* CompleteTestViewController.swift */ = {isa = PBXFileReference; lastKnownFileType = sourcecode.swift; path = CompleteTestViewController.swift; sourceTree = "<group>"; };
		F0EAC6DC2C674A10006DE3E1 /* TitleBgColorButton.swift */ = {isa = PBXFileReference; lastKnownFileType = sourcecode.swift; path = TitleBgColorButton.swift; sourceTree = "<group>"; };
		F0EAC6DE2C674A2A006DE3E1 /* OnboardingImageView.swift */ = {isa = PBXFileReference; lastKnownFileType = sourcecode.swift; path = OnboardingImageView.swift; sourceTree = "<group>"; };
/* End PBXFileReference section */

/* Begin PBXFileSystemSynchronizedBuildFileExceptionSet section */
		F020F6902C96314900058F37 /* PBXFileSystemSynchronizedBuildFileExceptionSet */ = {
			isa = PBXFileSystemSynchronizedBuildFileExceptionSet;
			membershipExceptions = (
				View/InfoViewController.swift,
			);
			target = 182B5BA62C60A9E900F7E85D /* Skincare-app */;
		};
		F020F6952C963F1800058F37 /* PBXFileSystemSynchronizedBuildFileExceptionSet */ = {
			isa = PBXFileSystemSynchronizedBuildFileExceptionSet;
			membershipExceptions = (
				View/MoreSkinProblemsViewController.swift,
			);
			target = 182B5BA62C60A9E900F7E85D /* Skincare-app */;
		};
/* End PBXFileSystemSynchronizedBuildFileExceptionSet section */

/* Begin PBXFileSystemSynchronizedRootGroup section */
		F020F68C2C96312700058F37 /* Info */ = {isa = PBXFileSystemSynchronizedRootGroup; exceptions = (F020F6902C96314900058F37 /* PBXFileSystemSynchronizedBuildFileExceptionSet */, ); explicitFileTypes = {}; explicitFolders = (); path = Info; sourceTree = "<group>"; };
		F020F6912C963F0A00058F37 /* MoreSkinProblems */ = {isa = PBXFileSystemSynchronizedRootGroup; exceptions = (F020F6952C963F1800058F37 /* PBXFileSystemSynchronizedBuildFileExceptionSet */, ); explicitFileTypes = {}; explicitFolders = (); path = MoreSkinProblems; sourceTree = "<group>"; };
/* End PBXFileSystemSynchronizedRootGroup section */

/* Begin PBXFrameworksBuildPhase section */
		182B5BA42C60A9E900F7E85D /* Frameworks */ = {
			isa = PBXFrameworksBuildPhase;
			buildActionMask = 2147483647;
			files = (
				F0DACAC52CA0741F00A219EF /* MessageKit in Frameworks */,
				18DBDF772CA3394B00A8705A /* Alamofire in Frameworks */,
				182B5BC52C60AB3300F7E85D /* Kingfisher in Frameworks */,
				182B5BC02C60AAC800F7E85D /* SnapKit in Frameworks */,
			);
			runOnlyForDeploymentPostprocessing = 0;
		};
/* End PBXFrameworksBuildPhase section */

/* Begin PBXGroup section */
		181FEA5D2C69115B00B9AAE6 /* Login */ = {
			isa = PBXGroup;
			children = (
				181FEA602C69116D00B9AAE6 /* Model */,
				181FEA5F2C69116800B9AAE6 /* View */,
				181FEA5E2C69116100B9AAE6 /* ViewModel */,
			);
			path = Login;
			sourceTree = "<group>";
		};
		181FEA5E2C69116100B9AAE6 /* ViewModel */ = {
			isa = PBXGroup;
			children = (
			);
			path = ViewModel;
			sourceTree = "<group>";
		};
		181FEA5F2C69116800B9AAE6 /* View */ = {
			isa = PBXGroup;
			children = (
				181FEA612C69118700B9AAE6 /* LoginViewController.swift */,
			);
			path = View;
			sourceTree = "<group>";
		};
		181FEA602C69116D00B9AAE6 /* Model */ = {
			isa = PBXGroup;
			children = (
			);
			path = Model;
			sourceTree = "<group>";
		};
		182B5B9E2C60A9E900F7E85D = {
			isa = PBXGroup;
			children = (
				182B5BA92C60A9E900F7E85D /* Skincare-app */,
				182B5BA82C60A9E900F7E85D /* Products */,
			);
			sourceTree = "<group>";
		};
		182B5BA82C60A9E900F7E85D /* Products */ = {
			isa = PBXGroup;
			children = (
				182B5BA72C60A9E900F7E85D /* Skincare-app.app */,
			);
			name = Products;
			sourceTree = "<group>";
		};
		182B5BA92C60A9E900F7E85D /* Skincare-app */ = {
			isa = PBXGroup;
			children = (
				18DBDF7B2CA345A200A8705A /* Services */,
				18DBDF782CA339A400A8705A /* NetworkLayer */,
				18C53DBB2C6A936A004FA52B /* CustomTabbar */,
				18ED7A012C67DEB8000F03C3 /* Extensions */,
				18936EC52C62B404006A8683 /* Components */,
				182B5BF22C60DB5100F7E85D /* Localization */,
				182B5BC62C60BBD900F7E85D /* Resources */,
				182B5BF02C60D2DE00F7E85D /* Screens */,
				182B5BAA2C60A9E900F7E85D /* AppDelegate.swift */,
				182B5BAC2C60A9E900F7E85D /* SceneDelegate.swift */,
				182B5BB32C60A9EB00F7E85D /* Assets.xcassets */,
				182B5BB52C60A9EB00F7E85D /* LaunchScreen.storyboard */,
				182B5BB82C60A9EB00F7E85D /* Info.plist */,
			);
			path = "Skincare-app";
			sourceTree = "<group>";
		};
		182B5BC62C60BBD900F7E85D /* Resources */ = {
			isa = PBXGroup;
			children = (
				182B5BC72C60BBE100F7E85D /* Fonts */,
			);
			path = Resources;
			sourceTree = "<group>";
		};
		182B5BC72C60BBE100F7E85D /* Fonts */ = {
			isa = PBXGroup;
			children = (
				1886EB602C777B0100EBAD95 /* DM Sans */,
				182B5BCB2C60BC9300F7E85D /* Montserrat */,
				182B5BC82C60BBEB00F7E85D /* Sacramento */,
			);
			path = Fonts;
			sourceTree = "<group>";
		};
		182B5BC82C60BBEB00F7E85D /* Sacramento */ = {
			isa = PBXGroup;
			children = (
				182B5BC92C60BC1D00F7E85D /* Sacramento-Regular.ttf */,
			);
			path = Sacramento;
			sourceTree = "<group>";
		};
		182B5BCB2C60BC9300F7E85D /* Montserrat */ = {
			isa = PBXGroup;
			children = (
				182B5BD02C60BCA800F7E85D /* Montserrat-Black.ttf */,
				182B5BD82C60BCA800F7E85D /* Montserrat-BlackItalic.ttf */,
				182B5BDA2C60BCA800F7E85D /* Montserrat-Bold.ttf */,
				182B5BCC2C60BCA800F7E85D /* Montserrat-BoldItalic.ttf */,
				182B5BD42C60BCA800F7E85D /* Montserrat-ExtraBold.ttf */,
				182B5BD72C60BCA800F7E85D /* Montserrat-ExtraBoldItalic.ttf */,
				182B5BCE2C60BCA800F7E85D /* Montserrat-ExtraLight.ttf */,
				182B5BD92C60BCA800F7E85D /* Montserrat-ExtraLightItalic.ttf */,
				182B5BCF2C60BCA800F7E85D /* Montserrat-Italic.ttf */,
				182B5BDB2C60BCA800F7E85D /* Montserrat-Light.ttf */,
				182B5BDC2C60BCA800F7E85D /* Montserrat-LightItalic.ttf */,
				182B5BD52C60BCA800F7E85D /* Montserrat-Medium.ttf */,
				182B5BD62C60BCA800F7E85D /* Montserrat-MediumItalic.ttf */,
				182B5BD32C60BCA800F7E85D /* Montserrat-Regular.ttf */,
				182B5BD22C60BCA800F7E85D /* Montserrat-SemiBold.ttf */,
				182B5BDD2C60BCA800F7E85D /* Montserrat-SemiBoldItalic.ttf */,
				182B5BCD2C60BCA800F7E85D /* Montserrat-Thin.ttf */,
				182B5BD12C60BCA800F7E85D /* Montserrat-ThinItalic.ttf */,
			);
			path = Montserrat;
			sourceTree = "<group>";
		};
		182B5BF02C60D2DE00F7E85D /* Screens */ = {
			isa = PBXGroup;
			children = (
				18916ACB2CA987BA005C50D7 /* OTP */,
				186550672C9C2C6A003C002A /* SkinProblemDetails */,
				F020F6912C963F0A00058F37 /* MoreSkinProblems */,
				F020F68C2C96312700058F37 /* Info */,
				18AD81772C8F0834002A7272 /* Profile */,
				1883F83B2C6B3AF4005ED089 /* Consultation */,
				1883F8392C6B3AD3005ED089 /* Products */,
				18C53DB52C6A9324004FA52B /* Home */,
				F0E07E242C6A44F500BD410A /* CompleteTest */,
				F0D38DD32C69FD55007E35ED /* DetectProblem */,
				181FEA5D2C69115B00B9AAE6 /* Login */,
				F0DD68E72C68CA7D00C11ECF /* OnboardingLogin */,
				F0DD68EF2C68CECA00C11ECF /* OnboardingRegister */,
				18ED7A092C67DF6C000F03C3 /* Register */,
				182B5BF12C60D30E00F7E85D /* Test */,
			);
			path = Screens;
			sourceTree = "<group>";
		};
		182B5BF12C60D30E00F7E85D /* Test */ = {
			isa = PBXGroup;
			children = (
				182B5BAE2C60A9E900F7E85D /* ViewController.swift */,
			);
			path = Test;
			sourceTree = "<group>";
		};
		182B5BF22C60DB5100F7E85D /* Localization */ = {
			isa = PBXGroup;
			children = (
				182B5BFC2C60DC8900F7E85D /* Localizable.strings */,
			);
			path = Localization;
			sourceTree = "<group>";
		};
		182EB5582C9CCAAA00C4A40C /* AccordionCell */ = {
			isa = PBXGroup;
			children = (
				182EB5592C9CCAD300C4A40C /* AccordionTableViewCell.swift */,
				1848393C2C9D8B97000558B2 /* AccordionCellModel.swift */,
			);
			path = AccordionCell;
			sourceTree = "<group>";
		};
		184CBD5C2C7DD5AD00D6F515 /* Cells */ = {
			isa = PBXGroup;
			children = (
				188931D32C7C6B3400088C9E /* FilterItemCollectionViewCell.swift */,
				F05804302C7518FA003AE03E /* ConsultationCollectionViewCell.swift */,
			);
			path = Cells;
			sourceTree = "<group>";
		};
		185980832C9440DB00455BEB /* SkinProblems */ = {
			isa = PBXGroup;
			children = (
				185980892C944FD900455BEB /* SkinProblemCollectionCell */,
				185980872C9441C700455BEB /* SkinProblemsTableViewCell.swift */,
			);
			path = SkinProblems;
			sourceTree = "<group>";
		};
		185980892C944FD900455BEB /* SkinProblemCollectionCell */ = {
			isa = PBXGroup;
			children = (
				1859808A2C944FF700455BEB /* SkinProblemCollectionViewCell.swift */,
				1859808C2C94577000455BEB /* SkinProblemItemModel.swift */,
			);
			path = SkinProblemCollectionCell;
			sourceTree = "<group>";
		};
		186550672C9C2C6A003C002A /* SkinProblemDetails */ = {
			isa = PBXGroup;
			children = (
				1865506A2C9C2C94003C002A /* Model */,
				186550692C9C2C8D003C002A /* View */,
				186550682C9C2C85003C002A /* ViewModel */,
			);
			path = SkinProblemDetails;
			sourceTree = "<group>";
		};
		186550682C9C2C85003C002A /* ViewModel */ = {
			isa = PBXGroup;
			children = (
			);
			path = ViewModel;
			sourceTree = "<group>";
		};
		186550692C9C2C8D003C002A /* View */ = {
			isa = PBXGroup;
			children = (
				182EB5582C9CCAAA00C4A40C /* AccordionCell */,
				1865506F2C9C3D81003C002A /* MainProblemCardCell */,
				1865506D2C9C2CDC003C002A /* SkinProblemDetailsViewController.swift */,
			);
			path = View;
			sourceTree = "<group>";
		};
		1865506A2C9C2C94003C002A /* Model */ = {
			isa = PBXGroup;
			children = (
			);
			path = Model;
			sourceTree = "<group>";
		};
		1865506F2C9C3D81003C002A /* MainProblemCardCell */ = {
			isa = PBXGroup;
			children = (
				182EB5562C9CC5EA00C4A40C /* MainProblemCardTableViewCell.swift */,
			);
			path = MainProblemCardCell;
			sourceTree = "<group>";
		};
		1883F8392C6B3AD3005ED089 /* Products */ = {
			isa = PBXGroup;
			children = (
				1883F83E2C6B3B0A005ED089 /* Model */,
				1883F83D2C6B3B05005ED089 /* View */,
				1883F83C2C6B3AFD005ED089 /* ViewModel */,
			);
			path = Products;
			sourceTree = "<group>";
		};
		1883F83B2C6B3AF4005ED089 /* Consultation */ = {
			isa = PBXGroup;
			children = (
				1883F8442C6B3B31005ED089 /* Model */,
				1883F8432C6B3B2C005ED089 /* View */,
				1883F8422C6B3B27005ED089 /* ViewModel */,
			);
			path = Consultation;
			sourceTree = "<group>";
		};
		1883F83C2C6B3AFD005ED089 /* ViewModel */ = {
			isa = PBXGroup;
			children = (
			);
			path = ViewModel;
			sourceTree = "<group>";
		};
		1883F83D2C6B3B05005ED089 /* View */ = {
			isa = PBXGroup;
			children = (
				1883F8452C6B3B44005ED089 /* ProductsViewController.swift */,
			);
			path = View;
			sourceTree = "<group>";
		};
		1883F83E2C6B3B0A005ED089 /* Model */ = {
			isa = PBXGroup;
			children = (
			);
			path = Model;
			sourceTree = "<group>";
		};
		1883F8422C6B3B27005ED089 /* ViewModel */ = {
			isa = PBXGroup;
			children = (
			);
			path = ViewModel;
			sourceTree = "<group>";
		};
		1883F8432C6B3B2C005ED089 /* View */ = {
			isa = PBXGroup;
			children = (
				184CBD5C2C7DD5AD00D6F515 /* Cells */,
				1886EB5B2C7764AD00EBAD95 /* ConsultationFilter */,
				1883F8492C6B3B62005ED089 /* ConsultationViewController.swift */,
			);
			path = View;
			sourceTree = "<group>";
		};
		1883F8442C6B3B31005ED089 /* Model */ = {
			isa = PBXGroup;
			children = (
				18A1EBA82C766B81008AAD5F /* DermatologistModel.swift */,
				1886EB5E2C776E6200EBAD95 /* ConsultationFilterItemModel.swift */,
			);
			path = Model;
			sourceTree = "<group>";
		};
		1884E9A62C6C899800E40A3D /* Cells */ = {
			isa = PBXGroup;
			children = (
				185980832C9440DB00455BEB /* SkinProblems */,
				18DE779E2C6DEC04000B321C /* SearchCell */,
				1884E9AA2C6C938C00E40A3D /* DetectProblemCell */,
				1884E9A72C6C89A700E40A3D /* HeaderCell */,
			);
			path = Cells;
			sourceTree = "<group>";
		};
		1884E9A72C6C89A700E40A3D /* HeaderCell */ = {
			isa = PBXGroup;
			children = (
				1884E9A82C6C89BC00E40A3D /* HeaderTableViewCell.swift */,
			);
			path = HeaderCell;
			sourceTree = "<group>";
		};
		1884E9AA2C6C938C00E40A3D /* DetectProblemCell */ = {
			isa = PBXGroup;
			children = (
				1884E9AB2C6C93AB00E40A3D /* DetectProblemTableViewCell.swift */,
			);
			path = DetectProblemCell;
			sourceTree = "<group>";
		};
		1886EB5B2C7764AD00EBAD95 /* ConsultationFilter */ = {
			isa = PBXGroup;
			children = (
				1886EB592C77515D00EBAD95 /* ConsultationFilterViewController.swift */,
				1886EB5C2C77683A00EBAD95 /* ConsultationFilterCollectionViewCell.swift */,
			);
			path = ConsultationFilter;
			sourceTree = "<group>";
		};
		1886EB602C777B0100EBAD95 /* DM Sans */ = {
			isa = PBXGroup;
			children = (
				1886EB8D2C777B1900EBAD95 /* DMSans-Black.ttf */,
				1886EB9C2C777B1A00EBAD95 /* DMSans-BlackItalic.ttf */,
				1886EB6B2C777B1800EBAD95 /* DMSans-Bold.ttf */,
				1886EB6D2C777B1800EBAD95 /* DMSans-BoldItalic.ttf */,
				1886EBA22C777B1A00EBAD95 /* DMSans-ExtraBold.ttf */,
				1886EB8A2C777B1900EBAD95 /* DMSans-ExtraBoldItalic.ttf */,
				1886EB6A2C777B1800EBAD95 /* DMSans-ExtraLight.ttf */,
				1886EB882C777B1900EBAD95 /* DMSans-ExtraLightItalic.ttf */,
				1886EB612C777B1700EBAD95 /* DMSans-Italic.ttf */,
				1886EB9D2C777B1A00EBAD95 /* DMSans-Light.ttf */,
				1886EBA02C777B1A00EBAD95 /* DMSans-LightItalic.ttf */,
				1886EB622C777B1700EBAD95 /* DMSans-Medium.ttf */,
				1886EB7A2C777B1800EBAD95 /* DMSans-MediumItalic.ttf */,
				1886EB6C2C777B1800EBAD95 /* DMSans-Regular.ttf */,
				1886EB7D2C777B1800EBAD95 /* DMSans-SemiBold.ttf */,
				1886EB8B2C777B1900EBAD95 /* DMSans-SemiBoldItalic.ttf */,
				1886EB8F2C777B1900EBAD95 /* DMSans-Thin.ttf */,
				1886EBA52C777B1A00EBAD95 /* DMSans-ThinItalic.ttf */,
			);
			path = "DM Sans";
			sourceTree = "<group>";
		};
		18916ACB2CA987BA005C50D7 /* OTP */ = {
			isa = PBXGroup;
			children = (
				18916ACE2CA987D0005C50D7 /* Model */,
				18916ACD2CA987CA005C50D7 /* View */,
				18916ACC2CA987C3005C50D7 /* ViewModel */,
			);
			path = OTP;
			sourceTree = "<group>";
		};
		18916ACC2CA987C3005C50D7 /* ViewModel */ = {
			isa = PBXGroup;
			children = (
				18916AD62CA99BBD005C50D7 /* OTPViewModel.swift */,
			);
			path = ViewModel;
			sourceTree = "<group>";
		};
		18916ACD2CA987CA005C50D7 /* View */ = {
			isa = PBXGroup;
			children = (
				18916AD12CA98800005C50D7 /* OTPViewController.swift */,
			);
			path = View;
			sourceTree = "<group>";
		};
		18916ACE2CA987D0005C50D7 /* Model */ = {
			isa = PBXGroup;
			children = (
				18916AD82CA9A049005C50D7 /* OTPModel.swift */,
			);
			path = Model;
			sourceTree = "<group>";
		};
		18916AD32CA99B34005C50D7 /* OTP */ = {
			isa = PBXGroup;
			children = (
				18916AD42CA99BA9005C50D7 /* OTPService.swift */,
			);
			path = OTP;
			sourceTree = "<group>";
		};
		18936EC52C62B404006A8683 /* Components */ = {
			isa = PBXGroup;
			children = (
				18ED7A052C67DEE9000F03C3 /* DropdownButtonView.swift */,
				18936EC62C62B637006A8683 /* IconTitleBgColorButton.swift */,
				18BD65192C63AA250071C597 /* CustomTextField.swift */,
				F0EAC6DC2C674A10006DE3E1 /* TitleBgColorButton.swift */,
				F0EAC6DE2C674A2A006DE3E1 /* OnboardingImageView.swift */,
			);
			path = Components;
			sourceTree = "<group>";
		};
		18AD81772C8F0834002A7272 /* Profile */ = {
			isa = PBXGroup;
			children = (
				18AD817A2C8F0850002A7272 /* Model */,
				18AD81792C8F0846002A7272 /* View */,
				18AD81782C8F083D002A7272 /* ViewModel */,
			);
			path = Profile;
			sourceTree = "<group>";
		};
		18AD81782C8F083D002A7272 /* ViewModel */ = {
			isa = PBXGroup;
			children = (
			);
			path = ViewModel;
			sourceTree = "<group>";
		};
		18AD81792C8F0846002A7272 /* View */ = {
			isa = PBXGroup;
			children = (
				F0273E382C9603810069EDE7 /* ProfileTableViewCell.swift */,
				18AD817B2C8F0A6A002A7272 /* ProfileViewController.swift */,
			);
			path = View;
			sourceTree = "<group>";
		};
		18AD817A2C8F0850002A7272 /* Model */ = {
			isa = PBXGroup;
			children = (
			);
			path = Model;
			sourceTree = "<group>";
		};
		18C53DB52C6A9324004FA52B /* Home */ = {
			isa = PBXGroup;
			children = (
				18C53DB82C6A9335004FA52B /* Model */,
				18C53DB72C6A9331004FA52B /* View */,
				18C53DB62C6A932A004FA52B /* ViewModel */,
			);
			path = Home;
			sourceTree = "<group>";
		};
		18C53DB62C6A932A004FA52B /* ViewModel */ = {
			isa = PBXGroup;
			children = (
			);
			path = ViewModel;
			sourceTree = "<group>";
		};
		18C53DB72C6A9331004FA52B /* View */ = {
			isa = PBXGroup;
			children = (
				1884E9A62C6C899800E40A3D /* Cells */,
				18C53DB92C6A9346004FA52B /* HomeViewController.swift */,
			);
			path = View;
			sourceTree = "<group>";
		};
		18C53DB82C6A9335004FA52B /* Model */ = {
			isa = PBXGroup;
			children = (
			);
			path = Model;
			sourceTree = "<group>";
		};
		18C53DBB2C6A936A004FA52B /* CustomTabbar */ = {
			isa = PBXGroup;
			children = (
				1883F8372C6B3A79005ED089 /* CustomTabbarController.swift */,
			);
			path = CustomTabbar;
			sourceTree = "<group>";
		};
		18DBDF782CA339A400A8705A /* NetworkLayer */ = {
			isa = PBXGroup;
			children = (
				18DBDF792CA33E4100A8705A /* NetworkManager.swift */,
			);
			path = NetworkLayer;
			sourceTree = "<group>";
		};
		18DBDF7B2CA345A200A8705A /* Services */ = {
			isa = PBXGroup;
			children = (
				18916AD32CA99B34005C50D7 /* OTP */,
				18DBDF7C2CA345D000A8705A /* Register */,
			);
			path = Services;
			sourceTree = "<group>";
		};
		18DBDF7C2CA345D000A8705A /* Register */ = {
			isa = PBXGroup;
			children = (
				18DBDF7E2CA3465200A8705A /* RegisterService.swift */,
			);
			path = Register;
			sourceTree = "<group>";
		};
		18DE779E2C6DEC04000B321C /* SearchCell */ = {
			isa = PBXGroup;
			children = (
				18DE779C2C6DEBFE000B321C /* SearchTableViewCell.swift */,
			);
			path = SearchCell;
			sourceTree = "<group>";
		};
		18ED7A012C67DEB8000F03C3 /* Extensions */ = {
			isa = PBXGroup;
			children = (
				183CF81C2CA3EF8A00D341A7 /* Encodable+Ext.swift */,
				18ED7A022C67DEC8000F03C3 /* Cell+Ext.swift */,
				18DE779F2C6DF98E000B321C /* UIView+Ext.swift */,
				18DE77A12C6E0A0F000B321C /* UIResponder+Ext.swift */,
				18AD817D2C8F2EFB002A7272 /* UILabel+Ext.swift */,
			);
			path = Extensions;
			sourceTree = "<group>";
		};
		18ED7A092C67DF6C000F03C3 /* Register */ = {
			isa = PBXGroup;
			children = (
				18ED7A0C2C67DF92000F03C3 /* Model */,
				18ED7A0B2C67DF8B000F03C3 /* View */,
				18ED7A0A2C67DF82000F03C3 /* ViewModel */,
			);
			path = Register;
			sourceTree = "<group>";
		};
		18ED7A0A2C67DF82000F03C3 /* ViewModel */ = {
			isa = PBXGroup;
			children = (
				18ED7A0D2C67DFA6000F03C3 /* RegisterViewModel.swift */,
			);
			path = ViewModel;
			sourceTree = "<group>";
		};
		18ED7A0B2C67DF8B000F03C3 /* View */ = {
			isa = PBXGroup;
			children = (
				18ED7A0F2C67DFBB000F03C3 /* RegisterViewController.swift */,
			);
			path = View;
			sourceTree = "<group>";
		};
		18ED7A0C2C67DF92000F03C3 /* Model */ = {
			isa = PBXGroup;
			children = (
				18BC5C4E2CA1EFA200401955 /* RegisterModel.swift */,
			);
			path = Model;
			sourceTree = "<group>";
		};
		F0D38DD32C69FD55007E35ED /* DetectProblem */ = {
			isa = PBXGroup;
			children = (
				F0D38DD42C69FD67007E35ED /* Model */,
				F0D38DD52C69FD6D007E35ED /* View */,
				F0D38DD62C69FD71007E35ED /* ViewModel */,
			);
			path = DetectProblem;
			sourceTree = "<group>";
		};
		F0D38DD42C69FD67007E35ED /* Model */ = {
			isa = PBXGroup;
			children = (
			);
			path = Model;
			sourceTree = "<group>";
		};
		F0D38DD52C69FD6D007E35ED /* View */ = {
			isa = PBXGroup;
			children = (
				F0D38DD72C69FDA3007E35ED /* DetectProblemViewController.swift */,
			);
			path = View;
			sourceTree = "<group>";
		};
		F0D38DD62C69FD71007E35ED /* ViewModel */ = {
			isa = PBXGroup;
			children = (
			);
			path = ViewModel;
			sourceTree = "<group>";
		};
		F0DD68E72C68CA7D00C11ECF /* OnboardingLogin */ = {
			isa = PBXGroup;
			children = (
				F0DD68E82C68CA8E00C11ECF /* Model */,
				F0DD68EB2C68CAA700C11ECF /* View */,
				F0DD68EC2C68CAAC00C11ECF /* ViewModel */,
			);
			path = OnboardingLogin;
			sourceTree = "<group>";
		};
		F0DD68E82C68CA8E00C11ECF /* Model */ = {
			isa = PBXGroup;
			children = (
			);
			path = Model;
			sourceTree = "<group>";
		};
		F0DD68EB2C68CAA700C11ECF /* View */ = {
			isa = PBXGroup;
			children = (
				F0DD68ED2C68CAF200C11ECF /* OnboardingLoginViewController.swift */,
			);
			path = View;
			sourceTree = "<group>";
		};
		F0DD68EC2C68CAAC00C11ECF /* ViewModel */ = {
			isa = PBXGroup;
			children = (
			);
			path = ViewModel;
			sourceTree = "<group>";
		};
		F0DD68EF2C68CECA00C11ECF /* OnboardingRegister */ = {
			isa = PBXGroup;
			children = (
				F0DD68F02C68CEDA00C11ECF /* Model */,
				F0DD68F12C68CEE000C11ECF /* View */,
				F0DD68F22C68CEE500C11ECF /* ViewModel */,
			);
			path = OnboardingRegister;
			sourceTree = "<group>";
		};
		F0DD68F02C68CEDA00C11ECF /* Model */ = {
			isa = PBXGroup;
			children = (
			);
			path = Model;
			sourceTree = "<group>";
		};
		F0DD68F12C68CEE000C11ECF /* View */ = {
			isa = PBXGroup;
			children = (
				F0DD68F32C68CF0700C11ECF /* OnboardingRegisterViewController.swift */,
			);
			path = View;
			sourceTree = "<group>";
		};
		F0DD68F22C68CEE500C11ECF /* ViewModel */ = {
			isa = PBXGroup;
			children = (
			);
			path = ViewModel;
			sourceTree = "<group>";
		};
		F0E07E242C6A44F500BD410A /* CompleteTest */ = {
			isa = PBXGroup;
			children = (
				F0E07E252C6A450E00BD410A /* Model */,
				F0E07E262C6A451F00BD410A /* View */,
				F0E07E272C6A452300BD410A /* ViewModel */,
			);
			path = CompleteTest;
			sourceTree = "<group>";
		};
		F0E07E252C6A450E00BD410A /* Model */ = {
			isa = PBXGroup;
			children = (
			);
			path = Model;
			sourceTree = "<group>";
		};
		F0E07E262C6A451F00BD410A /* View */ = {
			isa = PBXGroup;
			children = (
				F0E07E282C6A453D00BD410A /* CompleteTestViewController.swift */,
			);
			path = View;
			sourceTree = "<group>";
		};
		F0E07E272C6A452300BD410A /* ViewModel */ = {
			isa = PBXGroup;
			children = (
			);
			path = ViewModel;
			sourceTree = "<group>";
		};
/* End PBXGroup section */

/* Begin PBXNativeTarget section */
		182B5BA62C60A9E900F7E85D /* Skincare-app */ = {
			isa = PBXNativeTarget;
			buildConfigurationList = 182B5BBB2C60A9EB00F7E85D /* Build configuration list for PBXNativeTarget "Skincare-app" */;
			buildPhases = (
				182B5BA32C60A9E900F7E85D /* Sources */,
				182B5BA42C60A9E900F7E85D /* Frameworks */,
				182B5BA52C60A9E900F7E85D /* Resources */,
			);
			buildRules = (
			);
			dependencies = (
			);
			name = "Skincare-app";
			packageProductDependencies = (
				182B5BBF2C60AAC800F7E85D /* SnapKit */,
				182B5BC42C60AB3300F7E85D /* Kingfisher */,
				F0DACAC42CA0741F00A219EF /* MessageKit */,
				18DBDF762CA3394B00A8705A /* Alamofire */,
			);
			productName = "Skincare-app";
			productReference = 182B5BA72C60A9E900F7E85D /* Skincare-app.app */;
			productType = "com.apple.product-type.application";
		};
/* End PBXNativeTarget section */

/* Begin PBXProject section */
		182B5B9F2C60A9E900F7E85D /* Project object */ = {
			isa = PBXProject;
			attributes = {
				BuildIndependentTargetsInParallel = 1;
				LastSwiftUpdateCheck = 1530;
				LastUpgradeCheck = 1530;
				TargetAttributes = {
					182B5BA62C60A9E900F7E85D = {
						CreatedOnToolsVersion = 15.3;
					};
				};
			};
			buildConfigurationList = 182B5BA22C60A9E900F7E85D /* Build configuration list for PBXProject "Skincare-app" */;
			compatibilityVersion = "Xcode 14.0";
			developmentRegion = en;
			hasScannedForEncodings = 0;
			knownRegions = (
				en,
				Base,
				az,
			);
			mainGroup = 182B5B9E2C60A9E900F7E85D;
			packageReferences = (
				182B5BBE2C60AAC800F7E85D /* XCRemoteSwiftPackageReference "SnapKit" */,
				182B5BC32C60AB3300F7E85D /* XCRemoteSwiftPackageReference "Kingfisher" */,
				F0DACAC32CA0741F00A219EF /* XCRemoteSwiftPackageReference "MessageKit" */,
				18DBDF752CA3394B00A8705A /* XCRemoteSwiftPackageReference "Alamofire" */,
			);
			productRefGroup = 182B5BA82C60A9E900F7E85D /* Products */;
			projectDirPath = "";
			projectRoot = "";
			targets = (
				182B5BA62C60A9E900F7E85D /* Skincare-app */,
			);
		};
/* End PBXProject section */

/* Begin PBXResourcesBuildPhase section */
		182B5BA52C60A9E900F7E85D /* Resources */ = {
			isa = PBXResourcesBuildPhase;
			buildActionMask = 2147483647;
			files = (
				1886EBB22C777B1A00EBAD95 /* DMSans-ExtraLight.ttf in Resources */,
				182B5BEF2C60BCA800F7E85D /* Montserrat-SemiBoldItalic.ttf in Resources */,
				1886EBD22C777B1A00EBAD95 /* DMSans-ExtraBoldItalic.ttf in Resources */,
				182B5BDF2C60BCA800F7E85D /* Montserrat-Thin.ttf in Resources */,
				1886EBE82C777B1A00EBAD95 /* DMSans-LightItalic.ttf in Resources */,
				182B5BE62C60BCA800F7E85D /* Montserrat-ExtraBold.ttf in Resources */,
				1886EBC52C777B1A00EBAD95 /* DMSans-SemiBold.ttf in Resources */,
				182B5BE82C60BCA800F7E85D /* Montserrat-MediumItalic.ttf in Resources */,
				182B5BE52C60BCA800F7E85D /* Montserrat-Regular.ttf in Resources */,
				1886EBD32C777B1A00EBAD95 /* DMSans-SemiBoldItalic.ttf in Resources */,
				182B5BE22C60BCA800F7E85D /* Montserrat-Black.ttf in Resources */,
				1886EBB32C777B1A00EBAD95 /* DMSans-Bold.ttf in Resources */,
				1886EBA92C777B1A00EBAD95 /* DMSans-Italic.ttf in Resources */,
				182B5BEA2C60BCA800F7E85D /* Montserrat-BlackItalic.ttf in Resources */,
				182B5BE02C60BCA800F7E85D /* Montserrat-ExtraLight.ttf in Resources */,
				1886EBE42C777B1A00EBAD95 /* DMSans-BlackItalic.ttf in Resources */,
				182B5BDE2C60BCA800F7E85D /* Montserrat-BoldItalic.ttf in Resources */,
				1886EBED2C777B1A00EBAD95 /* DMSans-ThinItalic.ttf in Resources */,
				1886EBD52C777B1A00EBAD95 /* DMSans-Black.ttf in Resources */,
				1886EBD72C777B1A00EBAD95 /* DMSans-Thin.ttf in Resources */,
				182B5BEE2C60BCA800F7E85D /* Montserrat-LightItalic.ttf in Resources */,
				182B5BE42C60BCA800F7E85D /* Montserrat-SemiBold.ttf in Resources */,
				182B5BB42C60A9EB00F7E85D /* Assets.xcassets in Resources */,
				1886EBD02C777B1A00EBAD95 /* DMSans-ExtraLightItalic.ttf in Resources */,
				1886EBB42C777B1A00EBAD95 /* DMSans-Regular.ttf in Resources */,
				182B5BE32C60BCA800F7E85D /* Montserrat-ThinItalic.ttf in Resources */,
				182B5BFE2C60DC8900F7E85D /* Localizable.strings in Resources */,
				182B5BCA2C60BC1D00F7E85D /* Sacramento-Regular.ttf in Resources */,
				182B5BE72C60BCA800F7E85D /* Montserrat-Medium.ttf in Resources */,
				1886EBAA2C777B1A00EBAD95 /* DMSans-Medium.ttf in Resources */,
				182B5BE92C60BCA800F7E85D /* Montserrat-ExtraBoldItalic.ttf in Resources */,
				182B5BEC2C60BCA800F7E85D /* Montserrat-Bold.ttf in Resources */,
				1886EBB52C777B1A00EBAD95 /* DMSans-BoldItalic.ttf in Resources */,
				182B5BEB2C60BCA800F7E85D /* Montserrat-ExtraLightItalic.ttf in Resources */,
				1886EBEA2C777B1A00EBAD95 /* DMSans-ExtraBold.ttf in Resources */,
				182B5BED2C60BCA800F7E85D /* Montserrat-Light.ttf in Resources */,
				1886EBE52C777B1A00EBAD95 /* DMSans-Light.ttf in Resources */,
				1886EBC22C777B1A00EBAD95 /* DMSans-MediumItalic.ttf in Resources */,
				182B5BB72C60A9EB00F7E85D /* Base in Resources */,
				182B5BE12C60BCA800F7E85D /* Montserrat-Italic.ttf in Resources */,
			);
			runOnlyForDeploymentPostprocessing = 0;
		};
/* End PBXResourcesBuildPhase section */

/* Begin PBXSourcesBuildPhase section */
		182B5BA32C60A9E900F7E85D /* Sources */ = {
			isa = PBXSourcesBuildPhase;
			buildActionMask = 2147483647;
			files = (
				18ED7A062C67DEE9000F03C3 /* DropdownButtonView.swift in Sources */,
				182B5BAF2C60A9E900F7E85D /* ViewController.swift in Sources */,
				18A1EBA92C766B81008AAD5F /* DermatologistModel.swift in Sources */,
				F0EAC6DF2C674A2A006DE3E1 /* OnboardingImageView.swift in Sources */,
				1883F8382C6B3A79005ED089 /* CustomTabbarController.swift in Sources */,
				181FEA622C69118700B9AAE6 /* LoginViewController.swift in Sources */,
				18ED7A102C67DFBB000F03C3 /* RegisterViewController.swift in Sources */,
				F0273E392C9603810069EDE7 /* ProfileTableViewCell.swift in Sources */,
				18C53DBA2C6A9346004FA52B /* HomeViewController.swift in Sources */,
				1848393D2C9D8B97000558B2 /* AccordionCellModel.swift in Sources */,
				1886EB5A2C77515D00EBAD95 /* ConsultationFilterViewController.swift in Sources */,
				1883F84A2C6B3B62005ED089 /* ConsultationViewController.swift in Sources */,
				182B5BAB2C60A9E900F7E85D /* AppDelegate.swift in Sources */,
				182EB55A2C9CCAD300C4A40C /* AccordionTableViewCell.swift in Sources */,
				18ED7A0E2C67DFA6000F03C3 /* RegisterViewModel.swift in Sources */,
				F0E07E292C6A453D00BD410A /* CompleteTestViewController.swift in Sources */,
				185980882C9441C700455BEB /* SkinProblemsTableViewCell.swift in Sources */,
				18936EC72C62B637006A8683 /* IconTitleBgColorButton.swift in Sources */,
				1865506E2C9C2CDC003C002A /* SkinProblemDetailsViewController.swift in Sources */,
				18DE77A22C6E0A0F000B321C /* UIResponder+Ext.swift in Sources */,
				1859808B2C944FF700455BEB /* SkinProblemCollectionViewCell.swift in Sources */,
				182EB5572C9CC5EA00C4A40C /* MainProblemCardTableViewCell.swift in Sources */,
				F0DD68EE2C68CAF200C11ECF /* OnboardingLoginViewController.swift in Sources */,
				F0DD68F42C68CF0700C11ECF /* OnboardingRegisterViewController.swift in Sources */,
				1886EB5F2C776E6200EBAD95 /* ConsultationFilterItemModel.swift in Sources */,
				18916AD52CA99BA9005C50D7 /* OTPService.swift in Sources */,
				182B5BAD2C60A9E900F7E85D /* SceneDelegate.swift in Sources */,
				18DBDF7A2CA33E4C00A8705A /* NetworkManager.swift in Sources */,
				18AD817E2C8F2EFB002A7272 /* UILabel+Ext.swift in Sources */,
				1886EB5D2C77683A00EBAD95 /* ConsultationFilterCollectionViewCell.swift in Sources */,
				18916AD72CA99BC5005C50D7 /* OTPViewModel.swift in Sources */,
				1884E9AC2C6C93AB00E40A3D /* DetectProblemTableViewCell.swift in Sources */,
				18ED7A032C67DEC8000F03C3 /* Cell+Ext.swift in Sources */,
				18DE779D2C6DEBFF000B321C /* SearchTableViewCell.swift in Sources */,
				18BD651A2C63AA250071C597 /* CustomTextField.swift in Sources */,
				F05804312C7518FA003AE03E /* ConsultationCollectionViewCell.swift in Sources */,
				188931D42C7C6B3400088C9E /* FilterItemCollectionViewCell.swift in Sources */,
				18916AD22CA98800005C50D7 /* OTPViewController.swift in Sources */,
				F0EAC6DD2C674A10006DE3E1 /* TitleBgColorButton.swift in Sources */,
				18DE77A02C6DF98E000B321C /* UIView+Ext.swift in Sources */,
				183CF81D2CA3EF9300D341A7 /* Encodable+Ext.swift in Sources */,
				18916AD92CA9A061005C50D7 /* OTPModel.swift in Sources */,
				1883F8462C6B3B44005ED089 /* ProductsViewController.swift in Sources */,
				1884E9A92C6C89BC00E40A3D /* HeaderTableViewCell.swift in Sources */,
				18AD817C2C8F0A6A002A7272 /* ProfileViewController.swift in Sources */,
				F0D38DD82C69FDA3007E35ED /* DetectProblemViewController.swift in Sources */,
				18DBDF7F2CA3465800A8705A /* RegisterService.swift in Sources */,
				18BC5C4F2CA1EFA200401955 /* RegisterModel.swift in Sources */,
				1859808D2C94577000455BEB /* SkinProblemItemModel.swift in Sources */,
			);
			runOnlyForDeploymentPostprocessing = 0;
		};
/* End PBXSourcesBuildPhase section */

/* Begin PBXVariantGroup section */
		182B5BB52C60A9EB00F7E85D /* LaunchScreen.storyboard */ = {
			isa = PBXVariantGroup;
			children = (
				182B5BB62C60A9EB00F7E85D /* Base */,
			);
			name = LaunchScreen.storyboard;
			sourceTree = "<group>";
		};
		182B5BFC2C60DC8900F7E85D /* Localizable.strings */ = {
			isa = PBXVariantGroup;
			children = (
				182B5BFD2C60DC8900F7E85D /* en */,
				182B5BFF2C60DC8C00F7E85D /* az */,
			);
			name = Localizable.strings;
			sourceTree = "<group>";
		};
/* End PBXVariantGroup section */

/* Begin XCBuildConfiguration section */
		182B5BB92C60A9EB00F7E85D /* Debug */ = {
			isa = XCBuildConfiguration;
			buildSettings = {
				ALWAYS_SEARCH_USER_PATHS = NO;
				ASSETCATALOG_COMPILER_GENERATE_SWIFT_ASSET_SYMBOL_EXTENSIONS = YES;
				CLANG_ANALYZER_LOCALIZABILITY_NONLOCALIZED = YES;
				CLANG_ANALYZER_NONNULL = YES;
				CLANG_ANALYZER_NUMBER_OBJECT_CONVERSION = YES_AGGRESSIVE;
				CLANG_CXX_LANGUAGE_STANDARD = "gnu++20";
				CLANG_ENABLE_MODULES = YES;
				CLANG_ENABLE_OBJC_ARC = YES;
				CLANG_ENABLE_OBJC_WEAK = YES;
				CLANG_WARN_BLOCK_CAPTURE_AUTORELEASING = YES;
				CLANG_WARN_BOOL_CONVERSION = YES;
				CLANG_WARN_COMMA = YES;
				CLANG_WARN_CONSTANT_CONVERSION = YES;
				CLANG_WARN_DEPRECATED_OBJC_IMPLEMENTATIONS = YES;
				CLANG_WARN_DIRECT_OBJC_ISA_USAGE = YES_ERROR;
				CLANG_WARN_DOCUMENTATION_COMMENTS = YES;
				CLANG_WARN_EMPTY_BODY = YES;
				CLANG_WARN_ENUM_CONVERSION = YES;
				CLANG_WARN_INFINITE_RECURSION = YES;
				CLANG_WARN_INT_CONVERSION = YES;
				CLANG_WARN_NON_LITERAL_NULL_CONVERSION = YES;
				CLANG_WARN_OBJC_IMPLICIT_RETAIN_SELF = YES;
				CLANG_WARN_OBJC_LITERAL_CONVERSION = YES;
				CLANG_WARN_OBJC_ROOT_CLASS = YES_ERROR;
				CLANG_WARN_QUOTED_INCLUDE_IN_FRAMEWORK_HEADER = YES;
				CLANG_WARN_RANGE_LOOP_ANALYSIS = YES;
				CLANG_WARN_STRICT_PROTOTYPES = YES;
				CLANG_WARN_SUSPICIOUS_MOVE = YES;
				CLANG_WARN_UNGUARDED_AVAILABILITY = YES_AGGRESSIVE;
				CLANG_WARN_UNREACHABLE_CODE = YES;
				CLANG_WARN__DUPLICATE_METHOD_MATCH = YES;
				COPY_PHASE_STRIP = NO;
				DEBUG_INFORMATION_FORMAT = dwarf;
				ENABLE_STRICT_OBJC_MSGSEND = YES;
				ENABLE_TESTABILITY = YES;
				ENABLE_USER_SCRIPT_SANDBOXING = YES;
				GCC_C_LANGUAGE_STANDARD = gnu17;
				GCC_DYNAMIC_NO_PIC = NO;
				GCC_NO_COMMON_BLOCKS = YES;
				GCC_OPTIMIZATION_LEVEL = 0;
				GCC_PREPROCESSOR_DEFINITIONS = (
					"DEBUG=1",
					"$(inherited)",
				);
				GCC_WARN_64_TO_32_BIT_CONVERSION = YES;
				GCC_WARN_ABOUT_RETURN_TYPE = YES_ERROR;
				GCC_WARN_UNDECLARED_SELECTOR = YES;
				GCC_WARN_UNINITIALIZED_AUTOS = YES_AGGRESSIVE;
				GCC_WARN_UNUSED_FUNCTION = YES;
				GCC_WARN_UNUSED_VARIABLE = YES;
				IPHONEOS_DEPLOYMENT_TARGET = 17.4;
				LOCALIZATION_PREFERS_STRING_CATALOGS = YES;
				MTL_ENABLE_DEBUG_INFO = INCLUDE_SOURCE;
				MTL_FAST_MATH = YES;
				ONLY_ACTIVE_ARCH = YES;
				SDKROOT = iphoneos;
				SWIFT_ACTIVE_COMPILATION_CONDITIONS = "DEBUG $(inherited)";
				SWIFT_OPTIMIZATION_LEVEL = "-Onone";
			};
			name = Debug;
		};
		182B5BBA2C60A9EB00F7E85D /* Release */ = {
			isa = XCBuildConfiguration;
			buildSettings = {
				ALWAYS_SEARCH_USER_PATHS = NO;
				ASSETCATALOG_COMPILER_GENERATE_SWIFT_ASSET_SYMBOL_EXTENSIONS = YES;
				CLANG_ANALYZER_LOCALIZABILITY_NONLOCALIZED = YES;
				CLANG_ANALYZER_NONNULL = YES;
				CLANG_ANALYZER_NUMBER_OBJECT_CONVERSION = YES_AGGRESSIVE;
				CLANG_CXX_LANGUAGE_STANDARD = "gnu++20";
				CLANG_ENABLE_MODULES = YES;
				CLANG_ENABLE_OBJC_ARC = YES;
				CLANG_ENABLE_OBJC_WEAK = YES;
				CLANG_WARN_BLOCK_CAPTURE_AUTORELEASING = YES;
				CLANG_WARN_BOOL_CONVERSION = YES;
				CLANG_WARN_COMMA = YES;
				CLANG_WARN_CONSTANT_CONVERSION = YES;
				CLANG_WARN_DEPRECATED_OBJC_IMPLEMENTATIONS = YES;
				CLANG_WARN_DIRECT_OBJC_ISA_USAGE = YES_ERROR;
				CLANG_WARN_DOCUMENTATION_COMMENTS = YES;
				CLANG_WARN_EMPTY_BODY = YES;
				CLANG_WARN_ENUM_CONVERSION = YES;
				CLANG_WARN_INFINITE_RECURSION = YES;
				CLANG_WARN_INT_CONVERSION = YES;
				CLANG_WARN_NON_LITERAL_NULL_CONVERSION = YES;
				CLANG_WARN_OBJC_IMPLICIT_RETAIN_SELF = YES;
				CLANG_WARN_OBJC_LITERAL_CONVERSION = YES;
				CLANG_WARN_OBJC_ROOT_CLASS = YES_ERROR;
				CLANG_WARN_QUOTED_INCLUDE_IN_FRAMEWORK_HEADER = YES;
				CLANG_WARN_RANGE_LOOP_ANALYSIS = YES;
				CLANG_WARN_STRICT_PROTOTYPES = YES;
				CLANG_WARN_SUSPICIOUS_MOVE = YES;
				CLANG_WARN_UNGUARDED_AVAILABILITY = YES_AGGRESSIVE;
				CLANG_WARN_UNREACHABLE_CODE = YES;
				CLANG_WARN__DUPLICATE_METHOD_MATCH = YES;
				COPY_PHASE_STRIP = NO;
				DEBUG_INFORMATION_FORMAT = "dwarf-with-dsym";
				ENABLE_NS_ASSERTIONS = NO;
				ENABLE_STRICT_OBJC_MSGSEND = YES;
				ENABLE_USER_SCRIPT_SANDBOXING = YES;
				GCC_C_LANGUAGE_STANDARD = gnu17;
				GCC_NO_COMMON_BLOCKS = YES;
				GCC_WARN_64_TO_32_BIT_CONVERSION = YES;
				GCC_WARN_ABOUT_RETURN_TYPE = YES_ERROR;
				GCC_WARN_UNDECLARED_SELECTOR = YES;
				GCC_WARN_UNINITIALIZED_AUTOS = YES_AGGRESSIVE;
				GCC_WARN_UNUSED_FUNCTION = YES;
				GCC_WARN_UNUSED_VARIABLE = YES;
				IPHONEOS_DEPLOYMENT_TARGET = 17.4;
				LOCALIZATION_PREFERS_STRING_CATALOGS = YES;
				MTL_ENABLE_DEBUG_INFO = NO;
				MTL_FAST_MATH = YES;
				SDKROOT = iphoneos;
				SWIFT_COMPILATION_MODE = wholemodule;
				VALIDATE_PRODUCT = YES;
			};
			name = Release;
		};
		182B5BBC2C60A9EB00F7E85D /* Debug */ = {
			isa = XCBuildConfiguration;
			buildSettings = {
				ASSETCATALOG_COMPILER_APPICON_NAME = AppIcon;
				ASSETCATALOG_COMPILER_GLOBAL_ACCENT_COLOR_NAME = AccentColor;
				CODE_SIGN_STYLE = Automatic;
				CURRENT_PROJECT_VERSION = 1;
				GENERATE_INFOPLIST_FILE = YES;
				INFOPLIST_FILE = "Skincare-app/Info.plist";
				INFOPLIST_KEY_CFBundleDisplayName = SkinCare;
				INFOPLIST_KEY_LSApplicationCategoryType = "";
				INFOPLIST_KEY_UIApplicationSupportsIndirectInputEvents = YES;
				INFOPLIST_KEY_UILaunchStoryboardName = LaunchScreen;
				INFOPLIST_KEY_UISupportedInterfaceOrientations = UIInterfaceOrientationPortrait;
				INFOPLIST_KEY_UISupportedInterfaceOrientations_iPad = "UIInterfaceOrientationLandscapeLeft UIInterfaceOrientationLandscapeRight UIInterfaceOrientationPortrait UIInterfaceOrientationPortraitUpsideDown";
				LD_RUNPATH_SEARCH_PATHS = (
					"$(inherited)",
					"@executable_path/Frameworks",
				);
				MARKETING_VERSION = 1.0;
				PRODUCT_BUNDLE_IDENTIFIER = "com.farida.Skincare-app";
				PRODUCT_NAME = "$(TARGET_NAME)";
				SUPPORTED_PLATFORMS = "iphoneos iphonesimulator";
				SUPPORTS_MACCATALYST = NO;
				SUPPORTS_MAC_DESIGNED_FOR_IPHONE_IPAD = NO;
				SUPPORTS_XR_DESIGNED_FOR_IPHONE_IPAD = NO;
				SWIFT_EMIT_LOC_STRINGS = YES;
				SWIFT_VERSION = 5.0;
				TARGETED_DEVICE_FAMILY = 1;
			};
			name = Debug;
		};
		182B5BBD2C60A9EB00F7E85D /* Release */ = {
			isa = XCBuildConfiguration;
			buildSettings = {
				ASSETCATALOG_COMPILER_APPICON_NAME = AppIcon;
				ASSETCATALOG_COMPILER_GLOBAL_ACCENT_COLOR_NAME = AccentColor;
				CODE_SIGN_STYLE = Automatic;
				CURRENT_PROJECT_VERSION = 1;
				GENERATE_INFOPLIST_FILE = YES;
				INFOPLIST_FILE = "Skincare-app/Info.plist";
				INFOPLIST_KEY_CFBundleDisplayName = SkinCare;
				INFOPLIST_KEY_LSApplicationCategoryType = "";
				INFOPLIST_KEY_UIApplicationSupportsIndirectInputEvents = YES;
				INFOPLIST_KEY_UILaunchStoryboardName = LaunchScreen;
				INFOPLIST_KEY_UISupportedInterfaceOrientations = UIInterfaceOrientationPortrait;
				INFOPLIST_KEY_UISupportedInterfaceOrientations_iPad = "UIInterfaceOrientationLandscapeLeft UIInterfaceOrientationLandscapeRight UIInterfaceOrientationPortrait UIInterfaceOrientationPortraitUpsideDown";
				LD_RUNPATH_SEARCH_PATHS = (
					"$(inherited)",
					"@executable_path/Frameworks",
				);
				MARKETING_VERSION = 1.0;
				PRODUCT_BUNDLE_IDENTIFIER = "com.farida.Skincare-app";
				PRODUCT_NAME = "$(TARGET_NAME)";
				SUPPORTED_PLATFORMS = "iphoneos iphonesimulator";
				SUPPORTS_MACCATALYST = NO;
				SUPPORTS_MAC_DESIGNED_FOR_IPHONE_IPAD = NO;
				SUPPORTS_XR_DESIGNED_FOR_IPHONE_IPAD = NO;
				SWIFT_EMIT_LOC_STRINGS = YES;
				SWIFT_VERSION = 5.0;
				TARGETED_DEVICE_FAMILY = 1;
			};
			name = Release;
		};
/* End XCBuildConfiguration section */

/* Begin XCConfigurationList section */
		182B5BA22C60A9E900F7E85D /* Build configuration list for PBXProject "Skincare-app" */ = {
			isa = XCConfigurationList;
			buildConfigurations = (
				182B5BB92C60A9EB00F7E85D /* Debug */,
				182B5BBA2C60A9EB00F7E85D /* Release */,
			);
			defaultConfigurationIsVisible = 0;
			defaultConfigurationName = Release;
		};
		182B5BBB2C60A9EB00F7E85D /* Build configuration list for PBXNativeTarget "Skincare-app" */ = {
			isa = XCConfigurationList;
			buildConfigurations = (
				182B5BBC2C60A9EB00F7E85D /* Debug */,
				182B5BBD2C60A9EB00F7E85D /* Release */,
			);
			defaultConfigurationIsVisible = 0;
			defaultConfigurationName = Release;
		};
/* End XCConfigurationList section */

/* Begin XCRemoteSwiftPackageReference section */
		182B5BBE2C60AAC800F7E85D /* XCRemoteSwiftPackageReference "SnapKit" */ = {
			isa = XCRemoteSwiftPackageReference;
			repositoryURL = "https://github.com/SnapKit/SnapKit";
			requirement = {
				kind = upToNextMajorVersion;
				minimumVersion = 5.7.1;
			};
		};
		182B5BC32C60AB3300F7E85D /* XCRemoteSwiftPackageReference "Kingfisher" */ = {
			isa = XCRemoteSwiftPackageReference;
			repositoryURL = "https://github.com/onevcat/Kingfisher";
			requirement = {
				kind = upToNextMajorVersion;
				minimumVersion = 7.12.0;
			};
		};
		18DBDF752CA3394B00A8705A /* XCRemoteSwiftPackageReference "Alamofire" */ = {
			isa = XCRemoteSwiftPackageReference;
			repositoryURL = "https://github.com/Alamofire/Alamofire";
			requirement = {
				kind = upToNextMajorVersion;
				minimumVersion = 5.9.1;
			};
		};
		F0DACAC32CA0741F00A219EF /* XCRemoteSwiftPackageReference "MessageKit" */ = {
			isa = XCRemoteSwiftPackageReference;
			repositoryURL = "https://github.com/MessageKit/MessageKit";
			requirement = {
				kind = upToNextMajorVersion;
				minimumVersion = 4.2.0;
			};
		};
/* End XCRemoteSwiftPackageReference section */

/* Begin XCSwiftPackageProductDependency section */
		182B5BBF2C60AAC800F7E85D /* SnapKit */ = {
			isa = XCSwiftPackageProductDependency;
			package = 182B5BBE2C60AAC800F7E85D /* XCRemoteSwiftPackageReference "SnapKit" */;
			productName = SnapKit;
		};
		182B5BC42C60AB3300F7E85D /* Kingfisher */ = {
			isa = XCSwiftPackageProductDependency;
			package = 182B5BC32C60AB3300F7E85D /* XCRemoteSwiftPackageReference "Kingfisher" */;
			productName = Kingfisher;
		};
		18DBDF762CA3394B00A8705A /* Alamofire */ = {
			isa = XCSwiftPackageProductDependency;
			package = 18DBDF752CA3394B00A8705A /* XCRemoteSwiftPackageReference "Alamofire" */;
			productName = Alamofire;
		};
		F0DACAC42CA0741F00A219EF /* MessageKit */ = {
			isa = XCSwiftPackageProductDependency;
			package = F0DACAC32CA0741F00A219EF /* XCRemoteSwiftPackageReference "MessageKit" */;
			productName = MessageKit;
		};
/* End XCSwiftPackageProductDependency section */
	};
	rootObject = 182B5B9F2C60A9E900F7E85D /* Project object */;
}
